
Microsoft Visual Studio Solution File, Format Version 12.00
# Visual Studio Version 18
VisualStudioVersion = 18.4.11612.150
MinimumVisualStudioVersion = 10.0.40219.1
Project("{FAE04EC0-301F-11D3-BF4B-00C04F79EFBC}") = "Valuator", "Valuator\Valuator.csproj", "{BB3B7AF3-09CB-8246-6EE6-CF385AAB4AA1}"
EndProject
Project("{2150E333-8FDC-42A3-9474-1A3956D46DE8}") = "Элементы решения", "Элементы решения", "{754FC069-D67B-A9D7-50A1-8D1CA196D8F1}"
	ProjectSection(SolutionItems) = preProject
		nginx\conf\nginx.conf = nginx\conf\nginx.conf
	EndProjectSection
EndProject
Project("{FAE04EC0-301F-11D3-BF4B-00C04F79EFBC}") = "RankCalculator", "RankCalculator\RankCalculator.csproj", "{BDF17A85-7239-4781-8900-5817FD378DE9}"
EndProject
Project("{FAE04EC0-301F-11D3-BF4B-00C04F79EFBC}") = "EventsLogger", "EventsLogger\EventsLogger.csproj", "{59E19D2B-3128-463D-9532-8ADD170D192B}"
EndProject
Project("{FAE04EC0-301F-11D3-BF4B-00C04F79EFBC}") = "RedisShardRouter", "RedisShardRouter\RedisShardRouter.csproj", "{329C1105-5109-470D-AEA0-3A4DA5D96DFA}"
EndProject
Global
	GlobalSection(SolutionConfigurationPlatforms) = preSolution
		Debug|Any CPU = Debug|Any CPU
		Release|Any CPU = Release|Any CPU
	EndGlobalSection
	GlobalSection(ProjectConfigurationPlatforms) = postSolution
		{BB3B7AF3-09CB-8246-6EE6-CF385AAB4AA1}.Debug|Any CPU.ActiveCfg = Debug|Any CPU
		{BB3B7AF3-09CB-8246-6EE6-CF385AAB4AA1}.Debug|Any CPU.Build.0 = Debug|Any CPU
		{BB3B7AF3-09CB-8246-6EE6-CF385AAB4AA1}.Release|Any CPU.ActiveCfg = Release|Any CPU
		{BB3B7AF3-09CB-8246-6EE6-CF385AAB4AA1}.Release|Any CPU.Build.0 = Release|Any CPU
		{BDF17A85-7239-4781-8900-5817FD378DE9}.Debug|Any CPU.ActiveCfg = Debug|Any CPU
		{BDF17A85-7239-4781-8900-5817FD378DE9}.Debug|Any CPU.Build.0 = Debug|Any CPU
		{BDF17A85-7239-4781-8900-5817FD378DE9}.Release|Any CPU.ActiveCfg = Release|Any CPU
		{BDF17A85-7239-4781-8900-5817FD378DE9}.Release|Any CPU.Build.0 = Release|Any CPU
		{59E19D2B-3128-463D-9532-8ADD170D192B}.Debug|Any CPU.ActiveCfg = Debug|Any CPU
		{59E19D2B-3128-463D-9532-8ADD170D192B}.Debug|Any CPU.Build.0 = Debug|Any CPU
		{59E19D2B-3128-463D-9532-8ADD170D192B}.Release|Any CPU.ActiveCfg = Release|Any CPU
		{59E19D2B-3128-463D-9532-8ADD170D192B}.Release|Any CPU.Build.0 = Release|Any CPU
		{329C1105-5109-470D-AEA0-3A4DA5D96DFA}.Debug|Any CPU.ActiveCfg = Debug|Any CPU
		{329C1105-5109-470D-AEA0-3A4DA5D96DFA}.Debug|Any CPU.Build.0 = Debug|Any CPU
		{329C1105-5109-470D-AEA0-3A4DA5D96DFA}.Release|Any CPU.ActiveCfg = Release|Any CPU
		{329C1105-5109-470D-AEA0-3A4DA5D96DFA}.Release|Any CPU.Build.0 = Release|Any CPU
	EndGlobalSection
	GlobalSection(SolutionProperties) = preSolution
		HideSolutionNode = FALSE
	EndGlobalSection
	GlobalSection(ExtensibilityGlobals) = postSolution
		SolutionGuid = {4E720F55-C9D3-44BC-AFC1-5F0DEFF3FB93}
	EndGlobalSection
EndGlobal
